{
  "version": 4,
  "terraform_version": "1.6.2",
  "serial": 37,
  "lineage": "e0720e9a-3b0c-1a9f-79d4-b04c6c1cd5bf",
  "outputs": {},
  "resources": [
    {
      "mode": "data",
      "type": "aws_iam_policy_document",
      "name": "assume_role_policy",
      "provider": "provider[\"registry.terraform.io/hashicorp/aws\"]",
      "instances": [
        {
          "schema_version": 0,
          "attributes": {
            "id": "2851119427",
            "json": "{\n  \"Version\": \"2012-10-17\",\n  \"Statement\": [\n    {\n      \"Effect\": \"Allow\",\n      \"Action\": \"sts:AssumeRole\",\n      \"Principal\": {\n        \"Service\": \"ec2.amazonaws.com\"\n      }\n    }\n  ]\n}",
            "minified_json": "{\"Version\":\"2012-10-17\",\"Statement\":[{\"Effect\":\"Allow\",\"Action\":\"sts:AssumeRole\",\"Principal\":{\"Service\":\"ec2.amazonaws.com\"}}]}",
            "override_json": null,
            "override_policy_documents": null,
            "policy_id": null,
            "source_json": null,
            "source_policy_documents": null,
            "statement": [
              {
                "actions": [
                  "sts:AssumeRole"
                ],
                "condition": [],
                "effect": "Allow",
                "not_actions": [],
                "not_principals": [],
                "not_resources": [],
                "principals": [
                  {
                    "identifiers": [
                      "ec2.amazonaws.com"
                    ],
                    "type": "Service"
                  }
                ],
                "resources": [],
                "sid": ""
              }
            ],
            "version": "2012-10-17"
          },
          "sensitive_attributes": []
        }
      ]
    },
    {
      "mode": "data",
      "type": "aws_iam_policy_document",
      "name": "dynamodb_put_item_policy_document",
      "provider": "provider[\"registry.terraform.io/hashicorp/aws\"]",
      "instances": [
        {
          "schema_version": 0,
          "attributes": {
            "id": "3251172094",
            "json": "{\n  \"Version\": \"2012-10-17\",\n  \"Statement\": [\n    {\n      \"Effect\": \"Allow\",\n      \"Action\": \"dynamodb:PutItem\",\n      \"Resource\": \"arn:aws:dynamodb:us-east-1:565128601812:table/audit-log\"\n    }\n  ]\n}",
            "minified_json": "{\"Version\":\"2012-10-17\",\"Statement\":[{\"Effect\":\"Allow\",\"Action\":\"dynamodb:PutItem\",\"Resource\":\"arn:aws:dynamodb:us-east-1:565128601812:table/audit-log\"}]}",
            "override_json": null,
            "override_policy_documents": null,
            "policy_id": null,
            "source_json": null,
            "source_policy_documents": null,
            "statement": [
              {
                "actions": [
                  "dynamodb:PutItem"
                ],
                "condition": [],
                "effect": "Allow",
                "not_actions": [],
                "not_principals": [],
                "not_resources": [],
                "principals": [],
                "resources": [
                  "arn:aws:dynamodb:us-east-1:565128601812:table/audit-log"
                ],
                "sid": ""
              }
            ],
            "version": "2012-10-17"
          },
          "sensitive_attributes": []
        }
      ]
    },
    {
      "mode": "managed",
      "type": "aws_dynamodb_table",
      "name": "audit-log-sdk-dynamodb-table",
      "provider": "provider[\"registry.terraform.io/hashicorp/aws\"]",
      "instances": [
        {
          "schema_version": 1,
          "attributes": {
            "arn": "arn:aws:dynamodb:us-east-1:565128601812:table/audit-log",
            "attribute": [
              {
                "name": "action",
                "type": "S"
              },
              {
                "name": "actor",
                "type": "S"
              },
              {
                "name": "app",
                "type": "S"
              },
              {
                "name": "created_at",
                "type": "N"
              },
              {
                "name": "id",
                "type": "S"
              },
              {
                "name": "resource_id",
                "type": "S"
              }
            ],
            "billing_mode": "PROVISIONED",
            "deletion_protection_enabled": false,
            "global_secondary_index": [
              {
                "hash_key": "action",
                "name": "action-created_at-index",
                "non_key_attributes": [],
                "projection_type": "ALL",
                "range_key": "created_at",
                "read_capacity": 20,
                "write_capacity": 20
              },
              {
                "hash_key": "actor",
                "name": "actor-created_at-index",
                "non_key_attributes": [],
                "projection_type": "ALL",
                "range_key": "created_at",
                "read_capacity": 20,
                "write_capacity": 20
              },
              {
                "hash_key": "app",
                "name": "app-created_at-index",
                "non_key_attributes": [],
                "projection_type": "ALL",
                "range_key": "created_at",
                "read_capacity": 20,
                "write_capacity": 20
              },
              {
                "hash_key": "resource_id",
                "name": "resource_id-created_at-index",
                "non_key_attributes": [],
                "projection_type": "ALL",
                "range_key": "created_at",
                "read_capacity": 20,
                "write_capacity": 20
              }
            ],
            "hash_key": "id",
            "id": "audit-log",
            "import_table": [],
            "local_secondary_index": [],
            "name": "audit-log",
            "point_in_time_recovery": [
              {
                "enabled": false
              }
            ],
            "range_key": "created_at",
            "read_capacity": 20,
            "replica": [],
            "restore_date_time": null,
            "restore_source_name": null,
            "restore_to_latest_time": null,
            "server_side_encryption": [],
            "stream_arn": "",
            "stream_enabled": false,
            "stream_label": "",
            "stream_view_type": "",
            "table_class": "STANDARD",
            "tags": null,
            "tags_all": {},
            "timeouts": null,
            "ttl": [
              {
                "attribute_name": "ttl",
                "enabled": true
              }
            ],
            "write_capacity": 20
          },
          "sensitive_attributes": [],
          "private": "eyJlMmJmYjczMC1lY2FhLTExZTYtOGY4OC0zNDM2M2JjN2M0YzAiOnsiY3JlYXRlIjoxODAwMDAwMDAwMDAwLCJkZWxldGUiOjYwMDAwMDAwMDAwMCwidXBkYXRlIjozNjAwMDAwMDAwMDAwfSwic2NoZW1hX3ZlcnNpb24iOiIxIn0="
        }
      ]
    },
    {
      "mode": "managed",
      "type": "aws_iam_policy",
      "name": "dynamodb_put_item_policy",
      "provider": "provider[\"registry.terraform.io/hashicorp/aws\"]",
      "instances": [
        {
          "schema_version": 0,
          "attributes": {
            "arn": "arn:aws:iam::565128601812:policy/dynamodb-put-item-policy",
            "attachment_count": 1,
            "description": "IAM policy to allow inserting items into a specific DynamoDB table",
            "id": "arn:aws:iam::565128601812:policy/dynamodb-put-item-policy",
            "name": "dynamodb-put-item-policy",
            "name_prefix": "",
            "path": "/",
            "policy": "{\"Statement\":[{\"Action\":\"dynamodb:PutItem\",\"Effect\":\"Allow\",\"Resource\":\"arn:aws:dynamodb:us-east-1:565128601812:table/audit-log\"}],\"Version\":\"2012-10-17\"}",
            "policy_id": "ANPAYHFCKEDKI4L2VQ5CR",
            "tags": {},
            "tags_all": {}
          },
          "sensitive_attributes": [],
          "private": "bnVsbA==",
          "dependencies": [
            "aws_dynamodb_table.audit-log-sdk-dynamodb-table",
            "data.aws_iam_policy_document.dynamodb_put_item_policy_document"
          ]
        }
      ]
    },
    {
      "mode": "managed",
      "type": "aws_iam_role",
      "name": "dynamodb_put_item_role",
      "provider": "provider[\"registry.terraform.io/hashicorp/aws\"]",
      "instances": [
        {
          "schema_version": 0,
          "attributes": {
            "arn": "arn:aws:iam::565128601812:role/dynamodb_put_item_role",
            "assume_role_policy": "{\"Statement\":[{\"Action\":\"sts:AssumeRole\",\"Effect\":\"Allow\",\"Principal\":{\"Service\":\"ec2.amazonaws.com\"}}],\"Version\":\"2012-10-17\"}",
            "create_date": "2024-07-18T19:07:50Z",
            "description": "",
            "force_detach_policies": false,
            "id": "dynamodb_put_item_role",
            "inline_policy": [],
            "managed_policy_arns": [],
            "max_session_duration": 3600,
            "name": "dynamodb_put_item_role",
            "name_prefix": "",
            "path": "/",
            "permissions_boundary": "",
            "tags": null,
            "tags_all": {},
            "unique_id": "AROAYHFCKEDKAZ4MCJ77G"
          },
          "sensitive_attributes": [],
          "private": "bnVsbA==",
          "dependencies": [
            "data.aws_iam_policy_document.assume_role_policy"
          ]
        }
      ]
    },
    {
      "mode": "managed",
      "type": "aws_iam_role_policy_attachment",
      "name": "attach_policy",
      "provider": "provider[\"registry.terraform.io/hashicorp/aws\"]",
      "instances": [
        {
          "schema_version": 0,
          "attributes": {
            "id": "dynamodb_put_item_role-20240718190817818400000001",
            "policy_arn": "arn:aws:iam::565128601812:policy/dynamodb-put-item-policy",
            "role": "dynamodb_put_item_role"
          },
          "sensitive_attributes": [],
          "private": "bnVsbA==",
          "dependencies": [
            "aws_dynamodb_table.audit-log-sdk-dynamodb-table",
            "aws_iam_policy.dynamodb_put_item_policy",
            "aws_iam_role.dynamodb_put_item_role",
            "data.aws_iam_policy_document.assume_role_policy",
            "data.aws_iam_policy_document.dynamodb_put_item_policy_document"
          ]
        }
      ]
    }
  ],
  "check_results": null
}
